{
  "version": "4",
  "specifiers": {
    "jsr:@cliffy/ansi@^1.0.0-rc.7": "1.0.0-rc.7",
    "jsr:@cliffy/command@^1.0.0-rc.7": "1.0.0-rc.7",
    "jsr:@cliffy/flags@1.0.0-rc.7": "1.0.0-rc.7",
    "jsr:@cliffy/internal@1.0.0-rc.7": "1.0.0-rc.7",
    "jsr:@cliffy/table@1.0.0-rc.7": "1.0.0-rc.7",
    "jsr:@danet/core@2": "2.4.3",
    "jsr:@danet/core@2.4.3": "2.4.3",
    "jsr:@danet/handlebars@0.0.1": "0.0.1",
    "jsr:@danet/swagger@2": "2.1.3",
    "jsr:@danet/validatte@0.7.4": "0.7.4",
    "jsr:@dx/reflect@0.2.14": "0.2.14",
    "jsr:@hono/hono@4.6.3": "4.6.3",
    "jsr:@std/assert@1.0.6": "1.0.6",
    "jsr:@std/assert@^1.0.6": "1.0.6",
    "jsr:@std/crypto@^1.0.3": "1.0.3",
    "jsr:@std/data-structures@^1.0.4": "1.0.6",
    "jsr:@std/dotenv@0.225.2": "0.225.2",
    "jsr:@std/dotenv@~0.225.3": "0.225.3",
    "jsr:@std/encoding@*": "1.0.6",
    "jsr:@std/encoding@~1.0.5": "1.0.6",
    "jsr:@std/fmt@0.223.0": "0.223.0",
    "jsr:@std/fmt@~1.0.2": "1.0.5",
    "jsr:@std/fs@1.0.4": "1.0.4",
    "jsr:@std/fs@^1.0.10": "1.0.10",
    "jsr:@std/fs@^1.0.4": "1.0.10",
    "jsr:@std/internal@^1.0.4": "1.0.4",
    "jsr:@std/net@*": "1.0.4",
    "jsr:@std/path@*": "1.0.8",
    "jsr:@std/path@1.0.6": "1.0.6",
    "jsr:@std/path@^1.0.6": "1.0.8",
    "jsr:@std/path@^1.0.8": "1.0.8",
    "jsr:@std/testing@1.0.3": "1.0.3",
    "jsr:@std/text@~1.0.7": "1.0.10",
    "npm:awesome-phonenumber@7.1.0": "7.1.0",
    "npm:handlebars@4.7.7": "4.7.7",
    "npm:i18next-fs-backend@^2.6.0": "2.6.0",
    "npm:i18next@^24.2.2": "24.2.2",
    "npm:openpgp@*": "6.0.1",
    "npm:path-to-regexp@6.2.1": "6.2.1"
  },
  "jsr": {
    "@cliffy/ansi@1.0.0-rc.7": {
      "integrity": "f71c921cce224c13d322e5cedba4f38e8f7354c7d855c9cb22729362a53f25aa",
      "dependencies": [
        "jsr:@cliffy/internal",
        "jsr:@std/encoding@~1.0.5",
        "jsr:@std/fmt@~1.0.2"
      ]
    },
    "@cliffy/command@1.0.0-rc.7": {
      "integrity": "1288808d7a3cd18b86c24c2f920e47a6d954b7e23cadc35c8cbd78f8be41f0cd",
      "dependencies": [
        "jsr:@cliffy/flags",
        "jsr:@cliffy/internal",
        "jsr:@cliffy/table",
        "jsr:@std/fmt@~1.0.2",
        "jsr:@std/text"
      ]
    },
    "@cliffy/flags@1.0.0-rc.7": {
      "integrity": "318d9be98f6a6417b108e03dec427dea96cdd41a15beb21d2554ae6da450a781",
      "dependencies": [
        "jsr:@std/text"
      ]
    },
    "@cliffy/internal@1.0.0-rc.7": {
      "integrity": "10412636ab3e67517d448be9eaab1b70c88eba9be22617b5d146257a11cc9b17"
    },
    "@cliffy/table@1.0.0-rc.7": {
      "integrity": "9fdd9776eda28a0b397981c400eeb1aa36da2371b43eefe12e6ff555290e3180",
      "dependencies": [
        "jsr:@std/fmt@~1.0.2"
      ]
    },
    "@danet/core@2.4.3": {
      "integrity": "799d96a140615514ce44e3fcf53ce4100f3949ff88116c53c40aecb31223cd38",
      "dependencies": [
        "jsr:@danet/handlebars",
        "jsr:@danet/validatte",
        "jsr:@dx/reflect",
        "jsr:@hono/hono",
        "jsr:@std/fmt@0.223.0"
      ]
    },
    "@danet/handlebars@0.0.1": {
      "integrity": "f06d6c29f1a449e31359b4bc44cb4f72bc257757801c79e54e7e9651655bbea0",
      "dependencies": [
        "jsr:@std/fs@1.0.4",
        "jsr:@std/path@1.0.6",
        "npm:handlebars"
      ]
    },
    "@danet/swagger@2.1.3": {
      "integrity": "b09a1fb7a71b056c4b6be3a84f45ee6cfcfa871739c64fec9e50914b6008787d",
      "dependencies": [
        "jsr:@danet/core@2",
        "jsr:@std/path@1.0.6",
        "npm:path-to-regexp"
      ]
    },
    "@danet/validatte@0.7.4": {
      "integrity": "338bca670a5af1dd42214fcde0912de37d9a9d3ce1415cd2abdb6b1c27c46f89",
      "dependencies": [
        "npm:awesome-phonenumber"
      ]
    },
    "@dx/reflect@0.2.14": {
      "integrity": "53e1cb54e25170f43d90966679fcd7d6e0d27e23f4f1c869330d339576f446be"
    },
    "@hono/hono@4.6.3": {
      "integrity": "a1f5a18cd12a0db54755b0461dd5a4e2d93a6f85403073eb710103eacc42daf3"
    },
    "@std/assert@1.0.6": {
      "integrity": "1904c05806a25d94fe791d6d883b685c9e2dcd60e4f9fc30f4fc5cf010c72207",
      "dependencies": [
        "jsr:@std/internal"
      ]
    },
    "@std/crypto@1.0.3": {
      "integrity": "a2a32f51ddef632d299e3879cd027c630dcd4d1d9a5285d6e6788072f4e51e7f"
    },
    "@std/data-structures@1.0.6": {
      "integrity": "76a7fd8080c66604c0496220a791860492ab21a04a63a969c0b9a0609bbbb760"
    },
    "@std/dotenv@0.225.2": {
      "integrity": "e2025dce4de6c7bca21dece8baddd4262b09d5187217e231b033e088e0c4dd23"
    },
    "@std/dotenv@0.225.3": {
      "integrity": "a95e5b812c27b0854c52acbae215856d9cce9d4bbf774d938c51d212711e8d4a"
    },
    "@std/encoding@1.0.6": {
      "integrity": "ca87122c196e8831737d9547acf001766618e78cd8c33920776c7f5885546069"
    },
    "@std/fmt@0.223.0": {
      "integrity": "6deb37794127dfc7d7bded2586b9fc6f5d50e62a8134846608baf71ffc1a5208"
    },
    "@std/fmt@1.0.5": {
      "integrity": "0cfab43364bc36650d83c425cd6d99910fc20c4576631149f0f987eddede1a4d"
    },
    "@std/fs@1.0.4": {
      "integrity": "2907d32d8d1d9e540588fd5fe0ec21ee638134bd51df327ad4e443aaef07123c",
      "dependencies": [
        "jsr:@std/path@^1.0.6"
      ]
    },
    "@std/fs@1.0.10": {
      "integrity": "bf041f9d7a0a460817f0421be8946d0e06011b3433e6c83a215628de5e3c7c2c",
      "dependencies": [
        "jsr:@std/path@^1.0.8"
      ]
    },
    "@std/internal@1.0.4": {
      "integrity": "62e8e4911527e5e4f307741a795c0b0a9e6958d0b3790716ae71ce085f755422"
    },
    "@std/net@1.0.4": {
      "integrity": "2f403b455ebbccf83d8a027d29c5a9e3a2452fea39bb2da7f2c04af09c8bc852"
    },
    "@std/path@1.0.6": {
      "integrity": "ab2c55f902b380cf28e0eec501b4906e4c1960d13f00e11cfbcd21de15f18fed"
    },
    "@std/path@1.0.8": {
      "integrity": "548fa456bb6a04d3c1a1e7477986b6cffbce95102d0bb447c67c4ee70e0364be"
    },
    "@std/testing@1.0.3": {
      "integrity": "f98c2bee53860a5916727d7e7d3abe920dd6f9edace022e2d059f00d05c2cf42",
      "dependencies": [
        "jsr:@std/assert@^1.0.6",
        "jsr:@std/data-structures",
        "jsr:@std/fs@^1.0.4",
        "jsr:@std/internal",
        "jsr:@std/path@^1.0.6"
      ]
    },
    "@std/text@1.0.10": {
      "integrity": "9dcab377450253c0efa9a9a0c731040bfd4e1c03f8303b5934381467b7954338"
    }
  },
  "npm": {
    "@babel/runtime@7.26.7": {
      "integrity": "sha512-AOPI3D+a8dXnja+iwsUqGRjr1BbZIe771sXdapOtYI531gSqpi92vXivKcq2asu/DFpdl1ceFAKZyRzK2PCVcQ==",
      "dependencies": [
        "regenerator-runtime"
      ]
    },
    "awesome-phonenumber@7.1.0": {
      "integrity": "sha512-i/pC5xvaNVrduufGtnw8O+abLWq70wd6YutiPYR2NqrnwtjBMk7rG/vJTktnAivSok+ZqlkFZzuVICgObpQi4w=="
    },
    "handlebars@4.7.7": {
      "integrity": "sha512-aAcXm5OAfE/8IXkcZvCepKU3VzW1/39Fb5ZuqMtgI/hT8X2YgoMvBY5dLhq/cpOvw7Lk1nK/UF71aLG/ZnVYRA==",
      "dependencies": [
        "minimist",
        "neo-async",
        "source-map",
        "uglify-js",
        "wordwrap"
      ]
    },
    "i18next-fs-backend@2.6.0": {
      "integrity": "sha512-3ZlhNoF9yxnM8pa8bWp5120/Ob6t4lVl1l/tbLmkml/ei3ud8IWySCHt2lrY5xWRlSU5D9IV2sm5bEbGuTqwTw=="
    },
    "i18next@24.2.2": {
      "integrity": "sha512-NE6i86lBCKRYZa5TaUDkU5S4HFgLIEJRLr3Whf2psgaxBleQ2LC1YW1Vc+SCgkAW7VEzndT6al6+CzegSUHcTQ==",
      "dependencies": [
        "@babel/runtime"
      ]
    },
    "minimist@1.2.8": {
      "integrity": "sha512-2yyAR8qBkN3YuheJanUpWC5U3bb5osDywNB8RzDVlDwDHbocAJveqqj1u8+SVD7jkWT4yvsHCpWqqWqAxb0zCA=="
    },
    "neo-async@2.6.2": {
      "integrity": "sha512-Yd3UES5mWCSqR+qNT93S3UoYUkqAZ9lLg8a7g9rimsWmYGK8cVToA4/sF3RrshdyV3sAGMXVUmpMYOw+dLpOuw=="
    },
    "openpgp@6.0.1": {
      "integrity": "sha512-3lReDKjgWsKFArZT4Y/yj7/Q0q6/VhXarn4WqKEkyiBWckNjrThSGoB1t0IKo3Ke0ClvBpyQfTwumkGUkxOwww=="
    },
    "path-to-regexp@6.2.1": {
      "integrity": "sha512-JLyh7xT1kizaEvcaXOQwOc2/Yhw6KZOvPf1S8401UyLk86CU79LN3vl7ztXGm/pZ+YjoyAJ4rxmHwbkBXJX+yw=="
    },
    "regenerator-runtime@0.14.1": {
      "integrity": "sha512-dYnhHh0nJoMfnkZs6GmmhFknAGRrLznOu5nc9ML+EJxGvrx6H7teuevqVqCuPcPK//3eDrrjQhehXVx9cnkGdw=="
    },
    "source-map@0.6.1": {
      "integrity": "sha512-UjgapumWlbMhkBgzT7Ykc5YXUT46F0iKu8SGXq0bcwP5dz/h0Plj6enJqjz1Zbq2l5WaqYnrVbwWOWMyF3F47g=="
    },
    "uglify-js@3.19.3": {
      "integrity": "sha512-v3Xu+yuwBXisp6QYTcH4UbH+xYJXqnq2m/LtQVWKWzYc1iehYnLixoQDN9FH6/j9/oybfd6W9Ghwkl8+UMKTKQ=="
    },
    "wordwrap@1.0.0": {
      "integrity": "sha512-gvVzJFlPycKc5dZN4yPkP8w7Dc37BtP1yczEneOb4uq34pXZcvrtRTmWV8W+Ume+XCxKgbjM+nevkyFPMybd4Q=="
    }
  },
  "remote": {
    "https://deno.land/std@0.129.0/fmt/colors.ts": "30455035d6d728394781c10755351742dd731e3db6771b1843f9b9e490104d37",
    "https://deno.land/std@0.129.0/testing/_diff.ts": "9d849cd6877694152e01775b2d93f9d6b7aef7e24bfe3bfafc4d7a1ac8e9f392",
    "https://deno.land/std@0.129.0/testing/asserts.ts": "0a95d9e8076dd3e7f0eeb605a67c148078b4b11f4abcd5eef115b0361b0736a2"
  },
  "workspace": {
    "dependencies": [
      "jsr:@cliffy/ansi@^1.0.0-rc.7",
      "jsr:@cliffy/command@^1.0.0-rc.7",
      "jsr:@danet/core@2",
      "jsr:@danet/swagger@2",
      "jsr:@std/assert@1.0.6",
      "jsr:@std/crypto@^1.0.3",
      "jsr:@std/dotenv@~0.225.3",
      "jsr:@std/fs@^1.0.10",
      "jsr:@std/path@^1.0.8",
      "jsr:@std/testing@1.0.3",
      "npm:i18next-fs-backend@^2.6.0",
      "npm:i18next@^24.2.2"
    ]
  }
}
